
Microsoft Visual Studio Solution File, Format Version 12.00
# Visual Studio Version 16
VisualStudioVersion = 16.0.29920.165
MinimumVisualStudioVersion = 10.0.40219.1
Project("{FAE04EC0-301F-11D3-BF4B-00C04F79EFBC}") = "AnimeListerWPF", "AnimeListerWPF.csproj", "{5B2F40E1-33BA-46DE-8641-FC820B9422AE}"
EndProject
Global
	GlobalSection(SolutionConfigurationPlatforms) = preSolution
		Debug|Any CPU = Debug|Any CPU
		Release|Any CPU = Release|Any CPU
	EndGlobalSection
	GlobalSection(ProjectConfigurationPlatforms) = postSolution
		{5B2F40E1-33BA-46DE-8641-FC820B9422AE}.Debug|Any CPU.ActiveCfg = Debug|Any CPU
		{5B2F40E1-33BA-46DE-8641-FC820B9422AE}.Debug|Any CPU.Build.0 = Debug|Any CPU
		{5B2F40E1-33BA-46DE-8641-FC820B9422AE}.Release|Any CPU.ActiveCfg = Release|Any CPU
		{5B2F40E1-33BA-46DE-8641-FC820B9422AE}.Release|Any CPU.Build.0 = Release|Any CPU
	EndGlobalSection
	GlobalSection(SolutionProperties) = preSolution
		HideSolutionNode = FALSE
	EndGlobalSection
	GlobalSection(ExtensibilityGlobals) = postSolution
		SolutionGuid = {F599E0EB-CD5F-4565-8778-F927FC2FD799}
	EndGlobalSection
EndGlobal
